{
  "name": "task-api",
  "version": "1.0.0",
  "lockfileVersion": 3,
  "requires": true,
  "packages": {
    "": {
      "name": "task-api",
      "version": "1.0.0",
      "license": "ISC",
      "dependencies": {
        "csv": "^6.3.9",
        "csv-parse": "^5.5.6",
        "node-fetch": "^3.3.2"
      }
    },
    "node_modules/csv": {
      "version": "6.3.9",
      "resolved": "https://registry.npmjs.org/csv/-/csv-6.3.9.tgz",
      "integrity": "sha512-eiN+Qu8NwSLxZYia6WzB8xlX/rAQ/8EgK5A4dIF7Bz96mzcr5dW1jlcNmjG0QWySWKfPdCerH3RQ96ZqqsE8cA==",
      "dependencies": {
        "csv-generate": "^4.4.1",
        "csv-parse": "^5.5.6",
        "csv-stringify": "^6.5.0",
        "stream-transform": "^3.3.2"
      },
      "engines": {
        "node": ">= 0.1.90"
      }
    },
    "node_modules/csv-generate": {
      "version": "4.4.1",
      "resolved": "https://registry.npmjs.org/csv-generate/-/csv-generate-4.4.1.tgz",
      "integrity": "sha512-O/einO0v4zPmXaOV+sYqGa02VkST4GP5GLpWBNHEouIU7pF3kpGf3D0kCCvX82ydIY4EKkOK+R8b1BYsRXravg=="
    },
    "node_modules/csv-parse": {
      "version": "5.5.6",
      "resolved": "https://registry.npmjs.org/csv-parse/-/csv-parse-5.5.6.tgz",
      "integrity": "sha512-uNpm30m/AGSkLxxy7d9yRXpJQFrZzVWLFBkS+6ngPcZkw/5k3L/jjFuj7tVnEpRn+QgmiXr21nDlhCiUK4ij2A=="
    },
    "node_modules/csv-stringify": {
      "version": "6.5.0",
      "resolved": "https://registry.npmjs.org/csv-stringify/-/csv-stringify-6.5.0.tgz",
      "integrity": "sha512-edlXFVKcUx7r8Vx5zQucsuMg4wb/xT6qyz+Sr1vnLrdXqlLD1+UKyWNyZ9zn6mUW1ewmGxrpVwAcChGF0HQ/2Q=="
    },
    "node_modules/data-uri-to-buffer": {
      "version": "4.0.1",
      "resolved": "https://registry.npmjs.org/data-uri-to-buffer/-/data-uri-to-buffer-4.0.1.tgz",
      "integrity": "sha512-0R9ikRb668HB7QDxT1vkpuUBtqc53YyAwMwGeUFKRojY/NWKvdZ+9UYtRfGmhqNbRkTSVpMbmyhXipFFv2cb/A==",
      "engines": {
        "node": ">= 12"
      }
    },
    "node_modules/fetch-blob": {
      "version": "3.2.0",
      "resolved": "https://registry.npmjs.org/fetch-blob/-/fetch-blob-3.2.0.tgz",
      "integrity": "sha512-7yAQpD2UMJzLi1Dqv7qFYnPbaPx7ZfFK6PiIxQ4PfkGPyNyl2Ugx+a/umUonmKqjhM4DnfbMvdX6otXq83soQQ==",
      "funding": [
        {
          "type": "github",
          "url": "https://github.com/sponsors/jimmywarting"
        },
        {
          "type": "paypal",
          "url": "https://paypal.me/jimmywarting"
        }
      ],
      "dependencies": {
        "node-domexception": "^1.0.0",
        "web-streams-polyfill": "^3.0.3"
      },
      "engines": {
        "node": "^12.20 || >= 14.13"
      }
    },
    "node_modules/formdata-polyfill": {
      "version": "4.0.10",
      "resolved": "https://registry.npmjs.org/formdata-polyfill/-/formdata-polyfill-4.0.10.tgz",
      "integrity": "sha512-buewHzMvYL29jdeQTVILecSaZKnt/RJWjoZCF5OW60Z67/GmSLBkOFM7qh1PI3zFNtJbaZL5eQu1vLfazOwj4g==",
      "dependencies": {
        "fetch-blob": "^3.1.2"
      },
      "engines": {
        "node": ">=12.20.0"
      }
    },
    "node_modules/node-domexception": {
      "version": "1.0.0",
      "resolved": "https://registry.npmjs.org/node-domexception/-/node-domexception-1.0.0.tgz",
      "integrity": "sha512-/jKZoMpw0F8GRwl4/eLROPA3cfcXtLApP0QzLmUT/HuPCZWyB7IY9ZrMeKw2O/nFIqPQB3PVM9aYm0F312AXDQ==",
      "funding": [
        {
          "type": "github",
          "url": "https://github.com/sponsors/jimmywarting"
        },
        {
          "type": "github",
          "url": "https://paypal.me/jimmywarting"
        }
      ],
      "engines": {
        "node": ">=10.5.0"
      }
    },
    "node_modules/node-fetch": {
      "version": "3.3.2",
      "resolved": "https://registry.npmjs.org/node-fetch/-/node-fetch-3.3.2.tgz",
      "integrity": "sha512-dRB78srN/l6gqWulah9SrxeYnxeddIG30+GOqK/9OlLVyLg3HPnr6SqOWTWOXKRwC2eGYCkZ59NNuSgvSrpgOA==",
      "dependencies": {
        "data-uri-to-buffer": "^4.0.0",
        "fetch-blob": "^3.1.4",
        "formdata-polyfill": "^4.0.10"
      },
      "engines": {
        "node": "^12.20.0 || ^14.13.1 || >=16.0.0"
      },
      "funding": {
        "type": "opencollective",
        "url": "https://opencollective.com/node-fetch"
      }
    },
    "node_modules/stream-transform": {
      "version": "3.3.2",
      "resolved": "https://registry.npmjs.org/stream-transform/-/stream-transform-3.3.2.tgz",
      "integrity": "sha512-v64PUnPy9Qw94NGuaEMo+9RHQe4jTBYf+NkTtqkCgeuiNo8NlL0LtLR7fkKWNVFtp3RhIm5Dlxkgm5uz7TDimQ=="
    },
    "node_modules/web-streams-polyfill": {
      "version": "3.3.3",
      "resolved": "https://registry.npmjs.org/web-streams-polyfill/-/web-streams-polyfill-3.3.3.tgz",
      "integrity": "sha512-d2JWLCivmZYTSIoge9MsgFCZrt571BikcWGYkjC1khllbTeDlGqZ2D8vD8E/lJa8WGWbb7Plm8/XJYV7IJHZZw==",
      "engines": {
        "node": ">= 8"
      }
    }
  }
}
